// !$*UTF8*$!
{
	archiveVersion = 1;
	classes = {
	};
	objectVersion = 46;
	objects = {

/* Begin PBXBuildFile section */
		251B0CB029B78F3480B6FF20 /* Pods_MDW.framework in Frameworks */ = {isa = PBXBuildFile; fileRef = BC541165E8DB982F975CC2BD /* Pods_MDW.framework */; };
		28274EB18B4F2915FDDEBA7C /* Pods_MDWUITests.framework in Frameworks */ = {isa = PBXBuildFile; fileRef = 0A93343D58E24D461AC61050 /* Pods_MDWUITests.framework */; };
		8C016B301CF726840022F12D /* QRGenerator.swift in Sources */ = {isa = PBXBuildFile; fileRef = 8C016B2F1CF726840022F12D /* QRGenerator.swift */; };
		8C016B371CF73FDA0022F12D /* HtmlRendering.swift in Sources */ = {isa = PBXBuildFile; fileRef = 8C016B361CF73FDA0022F12D /* HtmlRendering.swift */; };
		8C8EB96E1CF1F493006C9B33 /* AppDelegate.swift in Sources */ = {isa = PBXBuildFile; fileRef = 8C8EB96D1CF1F493006C9B33 /* AppDelegate.swift */; };
		8C8EB9701CF1F493006C9B33 /* ViewController.swift in Sources */ = {isa = PBXBuildFile; fileRef = 8C8EB96F1CF1F493006C9B33 /* ViewController.swift */; };
		8C8EB9731CF1F493006C9B33 /* Main.storyboard in Resources */ = {isa = PBXBuildFile; fileRef = 8C8EB9711CF1F493006C9B33 /* Main.storyboard */; };
		8C8EB9761CF1F493006C9B33 /* MDW.xcdatamodeld in Sources */ = {isa = PBXBuildFile; fileRef = 8C8EB9741CF1F493006C9B33 /* MDW.xcdatamodeld */; };
		8C8EB9781CF1F493006C9B33 /* Assets.xcassets in Resources */ = {isa = PBXBuildFile; fileRef = 8C8EB9771CF1F493006C9B33 /* Assets.xcassets */; };
		8C8EB97B1CF1F493006C9B33 /* LaunchScreen.storyboard in Resources */ = {isa = PBXBuildFile; fileRef = 8C8EB9791CF1F493006C9B33 /* LaunchScreen.storyboard */; };
		8C8EB9861CF1F493006C9B33 /* MDWTests.swift in Sources */ = {isa = PBXBuildFile; fileRef = 8C8EB9851CF1F493006C9B33 /* MDWTests.swift */; };
		8C8EB9911CF1F493006C9B33 /* MDWUITests.swift in Sources */ = {isa = PBXBuildFile; fileRef = 8C8EB9901CF1F493006C9B33 /* MDWUITests.swift */; };
		AA386B78D89490032E38D43F /* Pods_MDWTests.framework in Frameworks */ = {isa = PBXBuildFile; fileRef = 19848819FC92E5A0335A6564 /* Pods_MDWTests.framework */; };
/* End PBXBuildFile section */

/* Begin PBXContainerItemProxy section */
		8C8EB9821CF1F493006C9B33 /* PBXContainerItemProxy */ = {
			isa = PBXContainerItemProxy;
			containerPortal = 8C8EB9621CF1F493006C9B33 /* Project object */;
			proxyType = 1;
			remoteGlobalIDString = 8C8EB9691CF1F493006C9B33;
			remoteInfo = MDW;
		};
		8C8EB98D1CF1F493006C9B33 /* PBXContainerItemProxy */ = {
			isa = PBXContainerItemProxy;
			containerPortal = 8C8EB9621CF1F493006C9B33 /* Project object */;
			proxyType = 1;
			remoteGlobalIDString = 8C8EB9691CF1F493006C9B33;
			remoteInfo = MDW;
		};
/* End PBXContainerItemProxy section */

/* Begin PBXFileReference section */
		0A93343D58E24D461AC61050 /* Pods_MDWUITests.framework */ = {isa = PBXFileReference; explicitFileType = wrapper.framework; includeInIndex = 0; path = Pods_MDWUITests.framework; sourceTree = BUILT_PRODUCTS_DIR; };
		0D60B188AB6D7FAE494DBFD3 /* Pods-MDWTests.release.xcconfig */ = {isa = PBXFileReference; includeInIndex = 1; lastKnownFileType = text.xcconfig; name = "Pods-MDWTests.release.xcconfig"; path = "Pods/Target Support Files/Pods-MDWTests/Pods-MDWTests.release.xcconfig"; sourceTree = "<group>"; };
		15CEE3DF2EC7CB977C1F2300 /* Pods-MDW.debug.xcconfig */ = {isa = PBXFileReference; includeInIndex = 1; lastKnownFileType = text.xcconfig; name = "Pods-MDW.debug.xcconfig"; path = "Pods/Target Support Files/Pods-MDW/Pods-MDW.debug.xcconfig"; sourceTree = "<group>"; };
		19848819FC92E5A0335A6564 /* Pods_MDWTests.framework */ = {isa = PBXFileReference; explicitFileType = wrapper.framework; includeInIndex = 0; path = Pods_MDWTests.framework; sourceTree = BUILT_PRODUCTS_DIR; };
		561CA5A98285EA72DBC7EBAF /* Pods-MDWUITests.debug.xcconfig */ = {isa = PBXFileReference; includeInIndex = 1; lastKnownFileType = text.xcconfig; name = "Pods-MDWUITests.debug.xcconfig"; path = "Pods/Target Support Files/Pods-MDWUITests/Pods-MDWUITests.debug.xcconfig"; sourceTree = "<group>"; };
		8A402AF129B6D41A22BF862A /* Pods-MDWUITests.release.xcconfig */ = {isa = PBXFileReference; includeInIndex = 1; lastKnownFileType = text.xcconfig; name = "Pods-MDWUITests.release.xcconfig"; path = "Pods/Target Support Files/Pods-MDWUITests/Pods-MDWUITests.release.xcconfig"; sourceTree = "<group>"; };
		8C016B2F1CF726840022F12D /* QRGenerator.swift */ = {isa = PBXFileReference; fileEncoding = 4; lastKnownFileType = sourcecode.swift; path = QRGenerator.swift; sourceTree = "<group>"; };
		8C016B361CF73FDA0022F12D /* HtmlRendering.swift */ = {isa = PBXFileReference; fileEncoding = 4; lastKnownFileType = sourcecode.swift; path = HtmlRendering.swift; sourceTree = "<group>"; };
		8C8EB96A1CF1F493006C9B33 /* MDW.app */ = {isa = PBXFileReference; explicitFileType = wrapper.application; includeInIndex = 0; path = MDW.app; sourceTree = BUILT_PRODUCTS_DIR; };
		8C8EB96D1CF1F493006C9B33 /* AppDelegate.swift */ = {isa = PBXFileReference; lastKnownFileType = sourcecode.swift; path = AppDelegate.swift; sourceTree = "<group>"; };
		8C8EB96F1CF1F493006C9B33 /* ViewController.swift */ = {isa = PBXFileReference; lastKnownFileType = sourcecode.swift; path = ViewController.swift; sourceTree = "<group>"; };
		8C8EB9721CF1F493006C9B33 /* Base */ = {isa = PBXFileReference; lastKnownFileType = file.storyboard; name = Base; path = Base.lproj/Main.storyboard; sourceTree = "<group>"; };
		8C8EB9751CF1F493006C9B33 /* MDW.xcdatamodel */ = {isa = PBXFileReference; lastKnownFileType = wrapper.xcdatamodel; path = MDW.xcdatamodel; sourceTree = "<group>"; };
		8C8EB9771CF1F493006C9B33 /* Assets.xcassets */ = {isa = PBXFileReference; lastKnownFileType = folder.assetcatalog; path = Assets.xcassets; sourceTree = "<group>"; };
		8C8EB97A1CF1F493006C9B33 /* Base */ = {isa = PBXFileReference; lastKnownFileType = file.storyboard; name = Base; path = Base.lproj/LaunchScreen.storyboard; sourceTree = "<group>"; };
		8C8EB97C1CF1F493006C9B33 /* Info.plist */ = {isa = PBXFileReference; lastKnownFileType = text.plist.xml; path = Info.plist; sourceTree = "<group>"; };
		8C8EB9811CF1F493006C9B33 /* MDWTests.xctest */ = {isa = PBXFileReference; explicitFileType = wrapper.cfbundle; includeInIndex = 0; path = MDWTests.xctest; sourceTree = BUILT_PRODUCTS_DIR; };
		8C8EB9851CF1F493006C9B33 /* MDWTests.swift */ = {isa = PBXFileReference; lastKnownFileType = sourcecode.swift; path = MDWTests.swift; sourceTree = "<group>"; };
		8C8EB9871CF1F493006C9B33 /* Info.plist */ = {isa = PBXFileReference; lastKnownFileType = text.plist.xml; path = Info.plist; sourceTree = "<group>"; };
		8C8EB98C1CF1F493006C9B33 /* MDWUITests.xctest */ = {isa = PBXFileReference; explicitFileType = wrapper.cfbundle; includeInIndex = 0; path = MDWUITests.xctest; sourceTree = BUILT_PRODUCTS_DIR; };
		8C8EB9901CF1F493006C9B33 /* MDWUITests.swift */ = {isa = PBXFileReference; lastKnownFileType = sourcecode.swift; path = MDWUITests.swift; sourceTree = "<group>"; };
		8C8EB9921CF1F493006C9B33 /* Info.plist */ = {isa = PBXFileReference; lastKnownFileType = text.plist.xml; path = Info.plist; sourceTree = "<group>"; };
		8EDDB9DFFC6B0C33D51DC4C9 /* Pods-MDW.release.xcconfig */ = {isa = PBXFileReference; includeInIndex = 1; lastKnownFileType = text.xcconfig; name = "Pods-MDW.release.xcconfig"; path = "Pods/Target Support Files/Pods-MDW/Pods-MDW.release.xcconfig"; sourceTree = "<group>"; };
		B466FF6FBC09D7FFE070FDE9 /* Pods-MDWTests.debug.xcconfig */ = {isa = PBXFileReference; includeInIndex = 1; lastKnownFileType = text.xcconfig; name = "Pods-MDWTests.debug.xcconfig"; path = "Pods/Target Support Files/Pods-MDWTests/Pods-MDWTests.debug.xcconfig"; sourceTree = "<group>"; };
		BC541165E8DB982F975CC2BD /* Pods_MDW.framework */ = {isa = PBXFileReference; explicitFileType = wrapper.framework; includeInIndex = 0; path = Pods_MDW.framework; sourceTree = BUILT_PRODUCTS_DIR; };
/* End PBXFileReference section */

/* Begin PBXFrameworksBuildPhase section */
		8C8EB9671CF1F493006C9B33 /* Frameworks */ = {
			isa = PBXFrameworksBuildPhase;
			buildActionMask = 2147483647;
			files = (
				251B0CB029B78F3480B6FF20 /* Pods_MDW.framework in Frameworks */,
			);
			runOnlyForDeploymentPostprocessing = 0;
		};
		8C8EB97E1CF1F493006C9B33 /* Frameworks */ = {
			isa = PBXFrameworksBuildPhase;
			buildActionMask = 2147483647;
			files = (
				AA386B78D89490032E38D43F /* Pods_MDWTests.framework in Frameworks */,
			);
			runOnlyForDeploymentPostprocessing = 0;
		};
		8C8EB9891CF1F493006C9B33 /* Frameworks */ = {
			isa = PBXFrameworksBuildPhase;
			buildActionMask = 2147483647;
			files = (
				28274EB18B4F2915FDDEBA7C /* Pods_MDWUITests.framework in Frameworks */,
			);
			runOnlyForDeploymentPostprocessing = 0;
		};
/* End PBXFrameworksBuildPhase section */

/* Begin PBXGroup section */
		0E617579D6AE7BB0119336CD /* Pods */ = {
			isa = PBXGroup;
			children = (
				15CEE3DF2EC7CB977C1F2300 /* Pods-MDW.debug.xcconfig */,
				8EDDB9DFFC6B0C33D51DC4C9 /* Pods-MDW.release.xcconfig */,
				B466FF6FBC09D7FFE070FDE9 /* Pods-MDWTests.debug.xcconfig */,
				0D60B188AB6D7FAE494DBFD3 /* Pods-MDWTests.release.xcconfig */,
				561CA5A98285EA72DBC7EBAF /* Pods-MDWUITests.debug.xcconfig */,
				8A402AF129B6D41A22BF862A /* Pods-MDWUITests.release.xcconfig */,
			);
			name = Pods;
			sourceTree = "<group>";
		};
		37F3FD9E1869CCFB93EE31C1 /* Frameworks */ = {
			isa = PBXGroup;
			children = (
				BC541165E8DB982F975CC2BD /* Pods_MDW.framework */,
				19848819FC92E5A0335A6564 /* Pods_MDWTests.framework */,
				0A93343D58E24D461AC61050 /* Pods_MDWUITests.framework */,
			);
			name = Frameworks;
			sourceTree = "<group>";
		};
		8C016B2E1CF7263D0022F12D /* QRGenerator */ = {
			isa = PBXGroup;
			children = (
				8C016B2F1CF726840022F12D /* QRGenerator.swift */,
			);
			name = QRGenerator;
			sourceTree = "<group>";
		};
		8C016B351CF73F9C0022F12D /* HtmlRendering */ = {
			isa = PBXGroup;
			children = (
				8C016B361CF73FDA0022F12D /* HtmlRendering.swift */,
			);
			name = HtmlRendering;
			sourceTree = "<group>";
		};
		8C016B381CF7400A0022F12D /* Hamdy */ = {
			isa = PBXGroup;
			children = (
				8C016B351CF73F9C0022F12D /* HtmlRendering */,
				8C016B2E1CF7263D0022F12D /* QRGenerator */,
			);
			name = Hamdy;
			sourceTree = "<group>";
		};
		8C8EB9611CF1F493006C9B33 = {
			isa = PBXGroup;
			children = (
				8C8EB96C1CF1F493006C9B33 /* MDW */,
				8C8EB9841CF1F493006C9B33 /* MDWTests */,
				8C8EB98F1CF1F493006C9B33 /* MDWUITests */,
				8C8EB96B1CF1F493006C9B33 /* Products */,
				0E617579D6AE7BB0119336CD /* Pods */,
				37F3FD9E1869CCFB93EE31C1 /* Frameworks */,
			);
			sourceTree = "<group>";
		};
		8C8EB96B1CF1F493006C9B33 /* Products */ = {
			isa = PBXGroup;
			children = (
				8C8EB96A1CF1F493006C9B33 /* MDW.app */,
				8C8EB9811CF1F493006C9B33 /* MDWTests.xctest */,
				8C8EB98C1CF1F493006C9B33 /* MDWUITests.xctest */,
			);
			name = Products;
			sourceTree = "<group>";
		};
		8C8EB96C1CF1F493006C9B33 /* MDW */ = {
			isa = PBXGroup;
			children = (
				8C016B381CF7400A0022F12D /* Hamdy */,
				8C8EB96D1CF1F493006C9B33 /* AppDelegate.swift */,
				8C8EB96F1CF1F493006C9B33 /* ViewController.swift */,
				8C8EB9711CF1F493006C9B33 /* Main.storyboard */,
				8C8EB9771CF1F493006C9B33 /* Assets.xcassets */,
				8C8EB9791CF1F493006C9B33 /* LaunchScreen.storyboard */,
				8C8EB97C1CF1F493006C9B33 /* Info.plist */,
				8C8EB9741CF1F493006C9B33 /* MDW.xcdatamodeld */,
			);
			path = MDW;
			sourceTree = "<group>";
		};
		8C8EB9841CF1F493006C9B33 /* MDWTests */ = {
			isa = PBXGroup;
			children = (
				8C8EB9851CF1F493006C9B33 /* MDWTests.swift */,
				8C8EB9871CF1F493006C9B33 /* Info.plist */,
			);
			path = MDWTests;
			sourceTree = "<group>";
		};
		8C8EB98F1CF1F493006C9B33 /* MDWUITests */ = {
			isa = PBXGroup;
			children = (
				8C8EB9901CF1F493006C9B33 /* MDWUITests.swift */,
				8C8EB9921CF1F493006C9B33 /* Info.plist */,
			);
			path = MDWUITests;
			sourceTree = "<group>";
		};
/* End PBXGroup section */

/* Begin PBXNativeTarget section */
		8C8EB9691CF1F493006C9B33 /* MDW */ = {
			isa = PBXNativeTarget;
			buildConfigurationList = 8C8EB9951CF1F493006C9B33 /* Build configuration list for PBXNativeTarget "MDW" */;
			buildPhases = (
				EFE92A4362797F5B0206BB76 /* 📦 Check Pods Manifest.lock */,
				8C8EB9661CF1F493006C9B33 /* Sources */,
				8C8EB9671CF1F493006C9B33 /* Frameworks */,
				8C8EB9681CF1F493006C9B33 /* Resources */,
				8C9349DB7914CB17A9FEC0F0 /* 📦 Embed Pods Frameworks */,
				5A398C1BA23D03EFF574C851 /* 📦 Copy Pods Resources */,
			);
			buildRules = (
			);
			dependencies = (
			);
			name = MDW;
			productName = MDW;
			productReference = 8C8EB96A1CF1F493006C9B33 /* MDW.app */;
			productType = "com.apple.product-type.application";
		};
		8C8EB9801CF1F493006C9B33 /* MDWTests */ = {
			isa = PBXNativeTarget;
			buildConfigurationList = 8C8EB9981CF1F493006C9B33 /* Build configuration list for PBXNativeTarget "MDWTests" */;
			buildPhases = (
				02FEE66808463F81575AFC9F /* 📦 Check Pods Manifest.lock */,
				8C8EB97D1CF1F493006C9B33 /* Sources */,
				8C8EB97E1CF1F493006C9B33 /* Frameworks */,
				8C8EB97F1CF1F493006C9B33 /* Resources */,
				9E3647005BDD69198C6137B7 /* 📦 Embed Pods Frameworks */,
				7DE00B981B2C056854A134EF /* 📦 Copy Pods Resources */,
			);
			buildRules = (
			);
			dependencies = (
				8C8EB9831CF1F493006C9B33 /* PBXTargetDependency */,
			);
			name = MDWTests;
			productName = MDWTests;
			productReference = 8C8EB9811CF1F493006C9B33 /* MDWTests.xctest */;
			productType = "com.apple.product-type.bundle.unit-test";
		};
		8C8EB98B1CF1F493006C9B33 /* MDWUITests */ = {
			isa = PBXNativeTarget;
			buildConfigurationList = 8C8EB99B1CF1F493006C9B33 /* Build configuration list for PBXNativeTarget "MDWUITests" */;
			buildPhases = (
				23CA6150AAF7E73DE119EA84 /* 📦 Check Pods Manifest.lock */,
				8C8EB9881CF1F493006C9B33 /* Sources */,
				8C8EB9891CF1F493006C9B33 /* Frameworks */,
				8C8EB98A1CF1F493006C9B33 /* Resources */,
				FDDEF824976E06E694B95A55 /* 📦 Copy Pods Resources */,
			);
			buildRules = (
			);
			dependencies = (
				8C8EB98E1CF1F493006C9B33 /* PBXTargetDependency */,
			);
			name = MDWUITests;
			productName = MDWUITests;
			productReference = 8C8EB98C1CF1F493006C9B33 /* MDWUITests.xctest */;
			productType = "com.apple.product-type.bundle.ui-testing";
		};
/* End PBXNativeTarget section */

/* Begin PBXProject section */
		8C8EB9621CF1F493006C9B33 /* Project object */ = {
			isa = PBXProject;
			attributes = {
				LastSwiftUpdateCheck = 0720;
				LastUpgradeCheck = 0720;
				ORGANIZATIONNAME = "Ahmed Hamdy";
				TargetAttributes = {
					8C8EB9691CF1F493006C9B33 = {
						CreatedOnToolsVersion = 7.2.1;
					};
					8C8EB9801CF1F493006C9B33 = {
						CreatedOnToolsVersion = 7.2.1;
						TestTargetID = 8C8EB9691CF1F493006C9B33;
					};
					8C8EB98B1CF1F493006C9B33 = {
						CreatedOnToolsVersion = 7.2.1;
						TestTargetID = 8C8EB9691CF1F493006C9B33;
					};
				};
			};
			buildConfigurationList = 8C8EB9651CF1F493006C9B33 /* Build configuration list for PBXProject "MDW" */;
			compatibilityVersion = "Xcode 3.2";
			developmentRegion = English;
			hasScannedForEncodings = 0;
			knownRegions = (
				en,
				Base,
			);
			mainGroup = 8C8EB9611CF1F493006C9B33;
			productRefGroup = 8C8EB96B1CF1F493006C9B33 /* Products */;
			projectDirPath = "";
			projectRoot = "";
			targets = (
				8C8EB9691CF1F493006C9B33 /* MDW */,
				8C8EB9801CF1F493006C9B33 /* MDWTests */,
				8C8EB98B1CF1F493006C9B33 /* MDWUITests */,
			);
		};
/* End PBXProject section */

/* Begin PBXResourcesBuildPhase section */
		8C8EB9681CF1F493006C9B33 /* Resources */ = {
			isa = PBXResourcesBuildPhase;
			buildActionMask = 2147483647;
			files = (
				8C8EB97B1CF1F493006C9B33 /* LaunchScreen.storyboard in Resources */,
				8C8EB9781CF1F493006C9B33 /* Assets.xcassets in Resources */,
				8C8EB9731CF1F493006C9B33 /* Main.storyboard in Resources */,
			);
			runOnlyForDeploymentPostprocessing = 0;
		};
		8C8EB97F1CF1F493006C9B33 /* Resources */ = {
			isa = PBXResourcesBuildPhase;
			buildActionMask = 2147483647;
			files = (
			);
			runOnlyForDeploymentPostprocessing = 0;
		};
		8C8EB98A1CF1F493006C9B33 /* Resources */ = {
			isa = PBXResourcesBuildPhase;
			buildActionMask = 2147483647;
			files = (
			);
			runOnlyForDeploymentPostprocessing = 0;
		};
/* End PBXResourcesBuildPhase section */

/* Begin PBXShellScriptBuildPhase section */
		02FEE66808463F81575AFC9F /* 📦 Check Pods Manifest.lock */ = {
			isa = PBXShellScriptBuildPhase;
			buildActionMask = 2147483647;
			files = (
			);
			inputPaths = (
			);
			name = "📦 Check Pods Manifest.lock";
			outputPaths = (
			);
			runOnlyForDeploymentPostprocessing = 0;
			shellPath = /bin/sh;
			shellScript = "diff \"${PODS_ROOT}/../Podfile.lock\" \"${PODS_ROOT}/Manifest.lock\" > /dev/null\nif [[ $? != 0 ]] ; then\n    cat << EOM\nerror: The sandbox is not in sync with the Podfile.lock. Run 'pod install' or update your CocoaPods installation.\nEOM\n    exit 1\nfi\n";
			showEnvVarsInLog = 0;
		};
		23CA6150AAF7E73DE119EA84 /* 📦 Check Pods Manifest.lock */ = {
			isa = PBXShellScriptBuildPhase;
			buildActionMask = 2147483647;
			files = (
			);
			inputPaths = (
			);
			name = "📦 Check Pods Manifest.lock";
			outputPaths = (
			);
			runOnlyForDeploymentPostprocessing = 0;
			shellPath = /bin/sh;
			shellScript = "diff \"${PODS_ROOT}/../Podfile.lock\" \"${PODS_ROOT}/Manifest.lock\" > /dev/null\nif [[ $? != 0 ]] ; then\n    cat << EOM\nerror: The sandbox is not in sync with the Podfile.lock. Run 'pod install' or update your CocoaPods installation.\nEOM\n    exit 1\nfi\n";
			showEnvVarsInLog = 0;
		};
		5A398C1BA23D03EFF574C851 /* 📦 Copy Pods Resources */ = {
			isa = PBXShellScriptBuildPhase;
			buildActionMask = 2147483647;
			files = (
			);
			inputPaths = (
			);
			name = "📦 Copy Pods Resources";
			outputPaths = (
			);
			runOnlyForDeploymentPostprocessing = 0;
			shellPath = /bin/sh;
			shellScript = "\"${SRCROOT}/Pods/Target Support Files/Pods-MDW/Pods-MDW-resources.sh\"\n";
			showEnvVarsInLog = 0;
		};
		7DE00B981B2C056854A134EF /* 📦 Copy Pods Resources */ = {
			isa = PBXShellScriptBuildPhase;
			buildActionMask = 2147483647;
			files = (
			);
			inputPaths = (
			);
			name = "📦 Copy Pods Resources";
			outputPaths = (
			);
			runOnlyForDeploymentPostprocessing = 0;
			shellPath = /bin/sh;
			shellScript = "\"${SRCROOT}/Pods/Target Support Files/Pods-MDWTests/Pods-MDWTests-resources.sh\"\n";
			showEnvVarsInLog = 0;
		};
		8C9349DB7914CB17A9FEC0F0 /* 📦 Embed Pods Frameworks */ = {
			isa = PBXShellScriptBuildPhase;
			buildActionMask = 2147483647;
			files = (
			);
			inputPaths = (
			);
			name = "📦 Embed Pods Frameworks";
			outputPaths = (
			);
			runOnlyForDeploymentPostprocessing = 0;
			shellPath = /bin/sh;
			shellScript = "\"${SRCROOT}/Pods/Target Support Files/Pods-MDW/Pods-MDW-frameworks.sh\"\n";
			showEnvVarsInLog = 0;
		};
		9E3647005BDD69198C6137B7 /* 📦 Embed Pods Frameworks */ = {
			isa = PBXShellScriptBuildPhase;
			buildActionMask = 2147483647;
			files = (
			);
			inputPaths = (
			);
			name = "📦 Embed Pods Frameworks";
			outputPaths = (
			);
			runOnlyForDeploymentPostprocessing = 0;
			shellPath = /bin/sh;
			shellScript = "\"${SRCROOT}/Pods/Target Support Files/Pods-MDWTests/Pods-MDWTests-frameworks.sh\"\n";
			showEnvVarsInLog = 0;
		};
		EFE92A4362797F5B0206BB76 /* 📦 Check Pods Manifest.lock */ = {
			isa = PBXShellScriptBuildPhase;
			buildActionMask = 2147483647;
			files = (
			);
			inputPaths = (
			);
			name = "📦 Check Pods Manifest.lock";
			outputPaths = (
			);
			runOnlyForDeploymentPostprocessing = 0;
			shellPath = /bin/sh;
			shellScript = "diff \"${PODS_ROOT}/../Podfile.lock\" \"${PODS_ROOT}/Manifest.lock\" > /dev/null\nif [[ $? != 0 ]] ; then\n    cat << EOM\nerror: The sandbox is not in sync with the Podfile.lock. Run 'pod install' or update your CocoaPods installation.\nEOM\n    exit 1\nfi\n";
			showEnvVarsInLog = 0;
		};
		FDDEF824976E06E694B95A55 /* 📦 Copy Pods Resources */ = {
			isa = PBXShellScriptBuildPhase;
			buildActionMask = 2147483647;
			files = (
			);
			inputPaths = (
			);
			name = "📦 Copy Pods Resources";
			outputPaths = (
			);
			runOnlyForDeploymentPostprocessing = 0;
			shellPath = /bin/sh;
			shellScript = "\"${SRCROOT}/Pods/Target Support Files/Pods-MDWUITests/Pods-MDWUITests-resources.sh\"\n";
			showEnvVarsInLog = 0;
		};
/* End PBXShellScriptBuildPhase section */

/* Begin PBXSourcesBuildPhase section */
		8C8EB9661CF1F493006C9B33 /* Sources */ = {
			isa = PBXSourcesBuildPhase;
			buildActionMask = 2147483647;
			files = (
				8C8EB9701CF1F493006C9B33 /* ViewController.swift in Sources */,
				8C016B371CF73FDA0022F12D /* HtmlRendering.swift in Sources */,
				8C8EB9761CF1F493006C9B33 /* MDW.xcdatamodeld in Sources */,
				8C016B301CF726840022F12D /* QRGenerator.swift in Sources */,
				8C8EB96E1CF1F493006C9B33 /* AppDelegate.swift in Sources */,
			);
			runOnlyForDeploymentPostprocessing = 0;
		};
		8C8EB97D1CF1F493006C9B33 /* Sources */ = {
			isa = PBXSourcesBuildPhase;
			buildActionMask = 2147483647;
			files = (
				8C8EB9861CF1F493006C9B33 /* MDWTests.swift in Sources */,
			);
			runOnlyForDeploymentPostprocessing = 0;
		};
		8C8EB9881CF1F493006C9B33 /* Sources */ = {
			isa = PBXSourcesBuildPhase;
			buildActionMask = 2147483647;
			files = (
				8C8EB9911CF1F493006C9B33 /* MDWUITests.swift in Sources */,
			);
			runOnlyForDeploymentPostprocessing = 0;
		};
/* End PBXSourcesBuildPhase section */

/* Begin PBXTargetDependency section */
		8C8EB9831CF1F493006C9B33 /* PBXTargetDependency */ = {
			isa = PBXTargetDependency;
			target = 8C8EB9691CF1F493006C9B33 /* MDW */;
			targetProxy = 8C8EB9821CF1F493006C9B33 /* PBXContainerItemProxy */;
		};
		8C8EB98E1CF1F493006C9B33 /* PBXTargetDependency */ = {
			isa = PBXTargetDependency;
			target = 8C8EB9691CF1F493006C9B33 /* MDW */;
			targetProxy = 8C8EB98D1CF1F493006C9B33 /* PBXContainerItemProxy */;
		};
/* End PBXTargetDependency section */

/* Begin PBXVariantGroup section */
		8C8EB9711CF1F493006C9B33 /* Main.storyboard */ = {
			isa = PBXVariantGroup;
			children = (
				8C8EB9721CF1F493006C9B33 /* Base */,
			);
			name = Main.storyboard;
			sourceTree = "<group>";
		};
		8C8EB9791CF1F493006C9B33 /* LaunchScreen.storyboard */ = {
			isa = PBXVariantGroup;
			children = (
				8C8EB97A1CF1F493006C9B33 /* Base */,
			);
			name = LaunchScreen.storyboard;
			sourceTree = "<group>";
		};
/* End PBXVariantGroup section */

/* Begin XCBuildConfiguration section */
		8C8EB9931CF1F493006C9B33 /* Debug */ = {
			isa = XCBuildConfiguration;
			buildSettings = {
				ALWAYS_SEARCH_USER_PATHS = NO;
				CLANG_CXX_LANGUAGE_STANDARD = "gnu++0x";
				CLANG_CXX_LIBRARY = "libc++";
				CLANG_ENABLE_MODULES = YES;
				CLANG_ENABLE_OBJC_ARC = YES;
				CLANG_WARN_BOOL_CONVERSION = YES;
				CLANG_WARN_CONSTANT_CONVERSION = YES;
				CLANG_WARN_DIRECT_OBJC_ISA_USAGE = YES_ERROR;
				CLANG_WARN_EMPTY_BODY = YES;
				CLANG_WARN_ENUM_CONVERSION = YES;
				CLANG_WARN_INT_CONVERSION = YES;
				CLANG_WARN_OBJC_ROOT_CLASS = YES_ERROR;
				CLANG_WARN_UNREACHABLE_CODE = YES;
				CLANG_WARN__DUPLICATE_METHOD_MATCH = YES;
				"CODE_SIGN_IDENTITY[sdk=iphoneos*]" = "iPhone Developer";
				COPY_PHASE_STRIP = NO;
				DEBUG_INFORMATION_FORMAT = dwarf;
				ENABLE_STRICT_OBJC_MSGSEND = YES;
				ENABLE_TESTABILITY = YES;
				GCC_C_LANGUAGE_STANDARD = gnu99;
				GCC_DYNAMIC_NO_PIC = NO;
				GCC_NO_COMMON_BLOCKS = YES;
				GCC_OPTIMIZATION_LEVEL = 0;
				GCC_PREPROCESSOR_DEFINITIONS = (
					"DEBUG=1",
					"$(inherited)",
				);
				GCC_WARN_64_TO_32_BIT_CONVERSION = YES;
				GCC_WARN_ABOUT_RETURN_TYPE = YES_ERROR;
				GCC_WARN_UNDECLARED_SELECTOR = YES;
				GCC_WARN_UNINITIALIZED_AUTOS = YES_AGGRESSIVE;
				GCC_WARN_UNUSED_FUNCTION = YES;
				GCC_WARN_UNUSED_VARIABLE = YES;
				IPHONEOS_DEPLOYMENT_TARGET = 9.2;
				MTL_ENABLE_DEBUG_INFO = YES;
				ONLY_ACTIVE_ARCH = YES;
				SDKROOT = iphoneos;
				SWIFT_OPTIMIZATION_LEVEL = "-Onone";
			};
			name = Debug;
		};
		8C8EB9941CF1F493006C9B33 /* Release */ = {
			isa = XCBuildConfiguration;
			buildSettings = {
				ALWAYS_SEARCH_USER_PATHS = NO;
				CLANG_CXX_LANGUAGE_STANDARD = "gnu++0x";
				CLANG_CXX_LIBRARY = "libc++";
				CLANG_ENABLE_MODULES = YES;
				CLANG_ENABLE_OBJC_ARC = YES;
				CLANG_WARN_BOOL_CONVERSION = YES;
				CLANG_WARN_CONSTANT_CONVERSION = YES;
				CLANG_WARN_DIRECT_OBJC_ISA_USAGE = YES_ERROR;
				CLANG_WARN_EMPTY_BODY = YES;
				CLANG_WARN_ENUM_CONVERSION = YES;
				CLANG_WARN_INT_CONVERSION = YES;
				CLANG_WARN_OBJC_ROOT_CLASS = YES_ERROR;
				CLANG_WARN_UNREACHABLE_CODE = YES;
				CLANG_WARN__DUPLICATE_METHOD_MATCH = YES;
				"CODE_SIGN_IDENTITY[sdk=iphoneos*]" = "iPhone Developer";
				COPY_PHASE_STRIP = NO;
				DEBUG_INFORMATION_FORMAT = "dwarf-with-dsym";
				ENABLE_NS_ASSERTIONS = NO;
				ENABLE_STRICT_OBJC_MSGSEND = YES;
				GCC_C_LANGUAGE_STANDARD = gnu99;
				GCC_NO_COMMON_BLOCKS = YES;
				GCC_WARN_64_TO_32_BIT_CONVERSION = YES;
				GCC_WARN_ABOUT_RETURN_TYPE = YES_ERROR;
				GCC_WARN_UNDECLARED_SELECTOR = YES;
				GCC_WARN_UNINITIALIZED_AUTOS = YES_AGGRESSIVE;
				GCC_WARN_UNUSED_FUNCTION = YES;
				GCC_WARN_UNUSED_VARIABLE = YES;
				IPHONEOS_DEPLOYMENT_TARGET = 9.2;
				MTL_ENABLE_DEBUG_INFO = NO;
				SDKROOT = iphoneos;
				VALIDATE_PRODUCT = YES;
			};
			name = Release;
		};
		8C8EB9961CF1F493006C9B33 /* Debug */ = {
			isa = XCBuildConfiguration;
			baseConfigurationReference = 15CEE3DF2EC7CB977C1F2300 /* Pods-MDW.debug.xcconfig */;
			buildSettings = {
				ASSETCATALOG_COMPILER_APPICON_NAME = AppIcon;
				INFOPLIST_FILE = MDW/Info.plist;
				LD_RUNPATH_SEARCH_PATHS = "$(inherited) @executable_path/Frameworks";
				PRODUCT_BUNDLE_IDENTIFIER = nozha.MDW;
				PRODUCT_NAME = "$(TARGET_NAME)";
			};
			name = Debug;
		};
		8C8EB9971CF1F493006C9B33 /* Release */ = {
			isa = XCBuildConfiguration;
			baseConfigurationReference = 8EDDB9DFFC6B0C33D51DC4C9 /* Pods-MDW.release.xcconfig */;
			buildSettings = {
				ASSETCATALOG_COMPILER_APPICON_NAME = AppIcon;
				INFOPLIST_FILE = MDW/Info.plist;
				LD_RUNPATH_SEARCH_PATHS = "$(inherited) @executable_path/Frameworks";
				PRODUCT_BUNDLE_IDENTIFIER = nozha.MDW;
				PRODUCT_NAME = "$(TARGET_NAME)";
			};
			name = Release;
		};
		8C8EB9991CF1F493006C9B33 /* Debug */ = {
			isa = XCBuildConfiguration;
			baseConfigurationReference = B466FF6FBC09D7FFE070FDE9 /* Pods-MDWTests.debug.xcconfig */;
			buildSettings = {
				BUNDLE_LOADER = "$(TEST_HOST)";
				INFOPLIST_FILE = MDWTests/Info.plist;
				LD_RUNPATH_SEARCH_PATHS = "$(inherited) @executable_path/Frameworks @loader_path/Frameworks";
				PRODUCT_BUNDLE_IDENTIFIER = nozha.MDWTests;
				PRODUCT_NAME = "$(TARGET_NAME)";
				TEST_HOST = "$(BUILT_PRODUCTS_DIR)/MDW.app/MDW";
			};
			name = Debug;
		};
		8C8EB99A1CF1F493006C9B33 /* Release */ = {
			isa = XCBuildConfiguration;
			baseConfigurationReference = 0D60B188AB6D7FAE494DBFD3 /* Pods-MDWTests.release.xcconfig */;
			buildSettings = {
				BUNDLE_LOADER = "$(TEST_HOST)";
				INFOPLIST_FILE = MDWTests/Info.plist;
				LD_RUNPATH_SEARCH_PATHS = "$(inherited) @executable_path/Frameworks @loader_path/Frameworks";
				PRODUCT_BUNDLE_IDENTIFIER = nozha.MDWTests;
				PRODUCT_NAME = "$(TARGET_NAME)";
				TEST_HOST = "$(BUILT_PRODUCTS_DIR)/MDW.app/MDW";
			};
			name = Release;
		};
		8C8EB99C1CF1F493006C9B33 /* Debug */ = {
			isa = XCBuildConfiguration;
			baseConfigurationReference = 561CA5A98285EA72DBC7EBAF /* Pods-MDWUITests.debug.xcconfig */;
			buildSettings = {
				INFOPLIST_FILE = MDWUITests/Info.plist;
				LD_RUNPATH_SEARCH_PATHS = "$(inherited) @executable_path/Frameworks @loader_path/Frameworks";
				PRODUCT_BUNDLE_IDENTIFIER = nozha.MDWUITests;
				PRODUCT_NAME = "$(TARGET_NAME)";
				TEST_TARGET_NAME = MDW;
				USES_XCTRUNNER = YES;
			};
			name = Debug;
		};
		8C8EB99D1CF1F493006C9B33 /* Release */ = {
			isa = XCBuildConfiguration;
			baseConfigurationReference = 8A402AF129B6D41A22BF862A /* Pods-MDWUITests.release.xcconfig */;
			buildSettings = {
				INFOPLIST_FILE = MDWUITests/Info.plist;
				LD_RUNPATH_SEARCH_PATHS = "$(inherited) @executable_path/Frameworks @loader_path/Frameworks";
				PRODUCT_BUNDLE_IDENTIFIER = nozha.MDWUITests;
				PRODUCT_NAME = "$(TARGET_NAME)";
				TEST_TARGET_NAME = MDW;
				USES_XCTRUNNER = YES;
			};
			name = Release;
		};
/* End XCBuildConfiguration section */

/* Begin XCConfigurationList section */
		8C8EB9651CF1F493006C9B33 /* Build configuration list for PBXProject "MDW" */ = {
			isa = XCConfigurationList;
			buildConfigurations = (
				8C8EB9931CF1F493006C9B33 /* Debug */,
				8C8EB9941CF1F493006C9B33 /* Release */,
			);
			defaultConfigurationIsVisible = 0;
			defaultConfigurationName = Release;
		};
		8C8EB9951CF1F493006C9B33 /* Build configuration list for PBXNativeTarget "MDW" */ = {
			isa = XCConfigurationList;
			buildConfigurations = (
				8C8EB9961CF1F493006C9B33 /* Debug */,
				8C8EB9971CF1F493006C9B33 /* Release */,
			);
			defaultConfigurationIsVisible = 0;
			defaultConfigurationName = Release;
		};
		8C8EB9981CF1F493006C9B33 /* Build configuration list for PBXNativeTarget "MDWTests" */ = {
			isa = XCConfigurationList;
			buildConfigurations = (
				8C8EB9991CF1F493006C9B33 /* Debug */,
				8C8EB99A1CF1F493006C9B33 /* Release */,
			);
			defaultConfigurationIsVisible = 0;
			defaultConfigurationName = Release;
		};
		8C8EB99B1CF1F493006C9B33 /* Build configuration list for PBXNativeTarget "MDWUITests" */ = {
			isa = XCConfigurationList;
			buildConfigurations = (
				8C8EB99C1CF1F493006C9B33 /* Debug */,
				8C8EB99D1CF1F493006C9B33 /* Release */,
			);
			defaultConfigurationIsVisible = 0;
			defaultConfigurationName = Release;
		};
/* End XCConfigurationList section */

/* Begin XCVersionGroup section */
		8C8EB9741CF1F493006C9B33 /* MDW.xcdatamodeld */ = {
			isa = XCVersionGroup;
			children = (
				8C8EB9751CF1F493006C9B33 /* MDW.xcdatamodel */,
			);
			currentVersion = 8C8EB9751CF1F493006C9B33 /* MDW.xcdatamodel */;
			path = MDW.xcdatamodeld;
			sourceTree = "<group>";
			versionGroupType = wrapper.xcdatamodel;
		};
/* End XCVersionGroup section */
	};
	rootObject = 8C8EB9621CF1F493006C9B33 /* Project object */;
}
